// !$*UTF8*$!
{
	archiveVersion = 1;
	classes = {
	};
	objectVersion = 77;
	objects = {

/* Begin PBXBuildFile section */
		0892FE50EFCD8B19A5562708 /* PaceCalculator.swift in Sources */ = {isa = PBXBuildFile; fileRef = E90DC0C50BD11F31674EFB3D /* PaceCalculator.swift */; };
		1B8661FD4F037A083FB94E1E /* PaceAlertCooldown.swift in Sources */ = {isa = PBXBuildFile; fileRef = F0372F0AA05AB178D5EA1251 /* PaceAlertCooldown.swift */; };
		23467012F3DF3E69736B516A /* RingDialSegments.swift in Sources */ = {isa = PBXBuildFile; fileRef = 09A98BF53179A39771BBE07A /* RingDialSegments.swift */; };
		24C4BD146B99880D51338CCC /* PaceAlertOrchestrator.swift in Sources */ = {isa = PBXBuildFile; fileRef = 3ABB5D0F4B699BEDF9A4B8B6 /* PaceAlertOrchestrator.swift */; };
		24FC94F331FBF0E4CB21DDED /* PaceAlertBandChart.swift in Sources */ = {isa = PBXBuildFile; fileRef = 3B9B5C18F7FD59A13F5BEE6E /* PaceAlertBandChart.swift */; };
		258406DDBA6376123299D5BF /* QuotaPercentTests.swift in Sources */ = {isa = PBXBuildFile; fileRef = 7474014C63248896CEBB40C6 /* QuotaPercentTests.swift */; };
		28B3DD16EFBC515D41661A4C /* QuotAICore.framework in Frameworks */ = {isa = PBXBuildFile; fileRef = 8B82BD7D534AE4ADB054F06B /* QuotAICore.framework */; };
		29F5287C1AF7B0766A79F8AC /* PaceAlertDecision.swift in Sources */ = {isa = PBXBuildFile; fileRef = C656D72D3DC80308EE35332A /* PaceAlertDecision.swift */; };
		3498F01BB3B5BCDC98192BAE /* CursorVscdbImporter.swift in Sources */ = {isa = PBXBuildFile; fileRef = C448DFACE39AFD7142268F45 /* CursorVscdbImporter.swift */; };
		37031A88F12F70098989B788 /* PercentDial.swift in Sources */ = {isa = PBXBuildFile; fileRef = 67BA1B979CE208DC53FD1E1A /* PercentDial.swift */; };
		3CDEDC3BF8C6941996D701C7 /* QuotaPercent.swift in Sources */ = {isa = PBXBuildFile; fileRef = 65831D21C9C2B6C291737D22 /* QuotaPercent.swift */; };
		3F5777DF22D0C5E36DCED8D9 /* MenuPresenterTests.swift in Sources */ = {isa = PBXBuildFile; fileRef = DACFFF12333707318644EED0 /* MenuPresenterTests.swift */; };
		533F866C08085583414D271B /* CursorAuthActions.swift in Sources */ = {isa = PBXBuildFile; fileRef = 42221A63599893EAE95BCF0C /* CursorAuthActions.swift */; };
		53AC03AF4844D781A5C76CAE /* QuotAICore.framework in Embed Frameworks */ = {isa = PBXBuildFile; fileRef = 8B82BD7D534AE4ADB054F06B /* QuotAICore.framework */; settings = {ATTRIBUTES = (CodeSignOnCopy, RemoveHeadersOnCopy, ); }; };
		61B41F97E9FD3001E1BE1196 /* EmailAlertService.swift in Sources */ = {isa = PBXBuildFile; fileRef = 5C43130568DD9233B80DB58F /* EmailAlertService.swift */; };
		64994325D781B5E4ABF70296 /* BarIcon.swift in Sources */ = {isa = PBXBuildFile; fileRef = A474AF98F62D2275255057D5 /* BarIcon.swift */; };
		6BE89DE482D0BC87A8FB7BDA /* AlertMessageBuilderTests.swift in Sources */ = {isa = PBXBuildFile; fileRef = 4E43043E693935CE5D71BAB9 /* AlertMessageBuilderTests.swift */; };
		6D7CE40B79A4F097A6203104 /* PaceAlertBands.swift in Sources */ = {isa = PBXBuildFile; fileRef = D38663DAC42813CB673B58AA /* PaceAlertBands.swift */; };
		70EB91F8217E0C081AADF89C /* RingDialSegmentsTests.swift in Sources */ = {isa = PBXBuildFile; fileRef = 01892621FA6BA723ADCA5EBE /* RingDialSegmentsTests.swift */; };
		7807B1E1EEC18A885C4FE5B1 /* QuotaStore.swift in Sources */ = {isa = PBXBuildFile; fileRef = C7A145FDCDD83F3F7243FAD8 /* QuotaStore.swift */; };
		7C068AB0E5F7802F60CA7DA1 /* IconLookTests.swift in Sources */ = {isa = PBXBuildFile; fileRef = BD54EF9FAB7890CB1EC1A309 /* IconLookTests.swift */; };
		821C73A1D04EF95FDAF632E2 /* QuotAIApp.swift in Sources */ = {isa = PBXBuildFile; fileRef = 8A84478A2DFA344FC905215F /* QuotAIApp.swift */; };
		8B7A662793377C593D195980 /* QuotAICore.framework in Embed Frameworks */ = {isa = PBXBuildFile; fileRef = 8B82BD7D534AE4ADB054F06B /* QuotAICore.framework */; settings = {ATTRIBUTES = (CodeSignOnCopy, RemoveHeadersOnCopy, ); }; };
		8F53C68CC8303EDA7842DF5B /* QuotaResponseParserTests.swift in Sources */ = {isa = PBXBuildFile; fileRef = 782374CC9AB8A09991BE9E98 /* QuotaResponseParserTests.swift */; };
		9317637690F297E552B2924E /* PaceAlertDecisionTests.swift in Sources */ = {isa = PBXBuildFile; fileRef = D42C45002964F1D37AEF7A57 /* PaceAlertDecisionTests.swift */; };
		9340A0320269F6E161D02A93 /* AlertMessageBuilder.swift in Sources */ = {isa = PBXBuildFile; fileRef = 41246CF6E708CBB9C7E79255 /* AlertMessageBuilder.swift */; };
		988E8D070DE68CEB9D4DBB9A /* RemainingTime.swift in Sources */ = {isa = PBXBuildFile; fileRef = 100900970A7EB9E28EF6C831 /* RemainingTime.swift */; };
		9DF1B0F9D9FFCB1D5DE6DA79 /* NotificationAlertService.swift in Sources */ = {isa = PBXBuildFile; fileRef = 779D2BA489C16FF69BEA863F /* NotificationAlertService.swift */; };
		A4C0B1482CC682B10F1055CA /* RingIcon.swift in Sources */ = {isa = PBXBuildFile; fileRef = 65F68F209DE9B284DFAE003A /* RingIcon.swift */; };
		AB2BB7A3F81DE014F8DB300C /* PaceAlertCooldownTests.swift in Sources */ = {isa = PBXBuildFile; fileRef = 7C32FF53DBE2300A57A24E9C /* PaceAlertCooldownTests.swift */; };
		BAF66F190A8C5BBDCFD56DE2 /* PaceAlertBandsTests.swift in Sources */ = {isa = PBXBuildFile; fileRef = 5ECC674FD09961315475BAFF /* PaceAlertBandsTests.swift */; };
		BBEABA081CA2F226610DB285 /* libsqlite3.tbd in Frameworks */ = {isa = PBXBuildFile; fileRef = 787A9D283203FBDF1D37A8D1 /* libsqlite3.tbd */; };
		CE7A9064D2EA35C569483CE2 /* SettingsView.swift in Sources */ = {isa = PBXBuildFile; fileRef = 172E517E55BB1919952F6374 /* SettingsView.swift */; };
		D0A82923EF1EA1BFA9361ED0 /* MenuPresentation.swift in Sources */ = {isa = PBXBuildFile; fileRef = 9A0248EF36AED12752B7A8D9 /* MenuPresentation.swift */; };
		D83D8CB5C694C04497BDF2AC /* CursorConnectClient.swift in Sources */ = {isa = PBXBuildFile; fileRef = DE812ED1CB4BE4CF91A26E25 /* CursorConnectClient.swift */; };
		DC5676AEC84F8C26CB786FAB /* RemainingTimeTests.swift in Sources */ = {isa = PBXBuildFile; fileRef = 22F0F40FD1FE615DF92CCF71 /* RemainingTimeTests.swift */; };
		DCE51FCCEA2E00D48A69D5DF /* QuotAIKeychain.swift in Sources */ = {isa = PBXBuildFile; fileRef = A1B666266F381CBC367A25A8 /* QuotAIKeychain.swift */; };
		EA0F18D359C87E60676BC492 /* KeychainStore.swift in Sources */ = {isa = PBXBuildFile; fileRef = 2D65735D0AC0BD39999794D7 /* KeychainStore.swift */; };
		EE5979F53B73F0A78D294E27 /* QuotAICore.framework in Frameworks */ = {isa = PBXBuildFile; fileRef = 8B82BD7D534AE4ADB054F06B /* QuotAICore.framework */; };
		F6B16EE2F78F625179F0AD15 /* PaceCalculatorTests.swift in Sources */ = {isa = PBXBuildFile; fileRef = 4AAFD417E417B50DE713398C /* PaceCalculatorTests.swift */; };
		FC46F47230ABED25B689B290 /* Assets.xcassets in Resources */ = {isa = PBXBuildFile; fileRef = B38E8042E5851CC0AACB82BC /* Assets.xcassets */; };
		FD24C4805DBDBBB0AFC5BA3F /* QuotaResponseParser.swift in Sources */ = {isa = PBXBuildFile; fileRef = B4D5560D8CAD91D26D28FC1C /* QuotaResponseParser.swift */; };
/* End PBXBuildFile section */

/* Begin PBXContainerItemProxy section */
		11FEB53D73A1F2AD842C3BC6 /* PBXContainerItemProxy */ = {
			isa = PBXContainerItemProxy;
			containerPortal = 59BDB61DB2DC456052EF3112 /* Project object */;
			proxyType = 1;
			remoteGlobalIDString = C46DAE9BC67EB9A617F88AE9;
			remoteInfo = QuotAICore;
		};
		F554B545958D9EC3FA0F0745 /* PBXContainerItemProxy */ = {
			isa = PBXContainerItemProxy;
			containerPortal = 59BDB61DB2DC456052EF3112 /* Project object */;
			proxyType = 1;
			remoteGlobalIDString = C46DAE9BC67EB9A617F88AE9;
			remoteInfo = QuotAICore;
		};
/* End PBXContainerItemProxy section */

/* Begin PBXCopyFilesBuildPhase section */
		183C9C9EAAFD6B1D5A92AB43 /* Embed Frameworks */ = {
			isa = PBXCopyFilesBuildPhase;
			buildActionMask = 2147483647;
			dstPath = "";
			dstSubfolderSpec = 10;
			files = (
				53AC03AF4844D781A5C76CAE /* QuotAICore.framework in Embed Frameworks */,
			);
			name = "Embed Frameworks";
			runOnlyForDeploymentPostprocessing = 0;
		};
		795458629E30EBB841A11F77 /* Embed Frameworks */ = {
			isa = PBXCopyFilesBuildPhase;
			buildActionMask = 2147483647;
			dstPath = "";
			dstSubfolderSpec = 10;
			files = (
				8B7A662793377C593D195980 /* QuotAICore.framework in Embed Frameworks */,
			);
			name = "Embed Frameworks";
			runOnlyForDeploymentPostprocessing = 0;
		};
/* End PBXCopyFilesBuildPhase section */

/* Begin PBXFileReference section */
		01892621FA6BA723ADCA5EBE /* RingDialSegmentsTests.swift */ = {isa = PBXFileReference; lastKnownFileType = sourcecode.swift; path = RingDialSegmentsTests.swift; sourceTree = "<group>"; };
		09A98BF53179A39771BBE07A /* RingDialSegments.swift */ = {isa = PBXFileReference; lastKnownFileType = sourcecode.swift; path = RingDialSegments.swift; sourceTree = "<group>"; };
		100900970A7EB9E28EF6C831 /* RemainingTime.swift */ = {isa = PBXFileReference; lastKnownFileType = sourcecode.swift; path = RemainingTime.swift; sourceTree = "<group>"; };
		172E517E55BB1919952F6374 /* SettingsView.swift */ = {isa = PBXFileReference; lastKnownFileType = sourcecode.swift; path = SettingsView.swift; sourceTree = "<group>"; };
		22F0F40FD1FE615DF92CCF71 /* RemainingTimeTests.swift */ = {isa = PBXFileReference; lastKnownFileType = sourcecode.swift; path = RemainingTimeTests.swift; sourceTree = "<group>"; };
		2D65735D0AC0BD39999794D7 /* KeychainStore.swift */ = {isa = PBXFileReference; lastKnownFileType = sourcecode.swift; path = KeychainStore.swift; sourceTree = "<group>"; };
		3ABB5D0F4B699BEDF9A4B8B6 /* PaceAlertOrchestrator.swift */ = {isa = PBXFileReference; lastKnownFileType = sourcecode.swift; path = PaceAlertOrchestrator.swift; sourceTree = "<group>"; };
		3B9B5C18F7FD59A13F5BEE6E /* PaceAlertBandChart.swift */ = {isa = PBXFileReference; lastKnownFileType = sourcecode.swift; path = PaceAlertBandChart.swift; sourceTree = "<group>"; };
		41246CF6E708CBB9C7E79255 /* AlertMessageBuilder.swift */ = {isa = PBXFileReference; lastKnownFileType = sourcecode.swift; path = AlertMessageBuilder.swift; sourceTree = "<group>"; };
		42221A63599893EAE95BCF0C /* CursorAuthActions.swift */ = {isa = PBXFileReference; lastKnownFileType = sourcecode.swift; path = CursorAuthActions.swift; sourceTree = "<group>"; };
		4AAFD417E417B50DE713398C /* PaceCalculatorTests.swift */ = {isa = PBXFileReference; lastKnownFileType = sourcecode.swift; path = PaceCalculatorTests.swift; sourceTree = "<group>"; };
		4E43043E693935CE5D71BAB9 /* AlertMessageBuilderTests.swift */ = {isa = PBXFileReference; lastKnownFileType = sourcecode.swift; path = AlertMessageBuilderTests.swift; sourceTree = "<group>"; };
		5BCD6BD67F062EB51D2E62F2 /* QuotAI.app */ = {isa = PBXFileReference; explicitFileType = wrapper.application; includeInIndex = 0; path = QuotAI.app; sourceTree = BUILT_PRODUCTS_DIR; };
		5C43130568DD9233B80DB58F /* EmailAlertService.swift */ = {isa = PBXFileReference; lastKnownFileType = sourcecode.swift; path = EmailAlertService.swift; sourceTree = "<group>"; };
		5ECC674FD09961315475BAFF /* PaceAlertBandsTests.swift */ = {isa = PBXFileReference; lastKnownFileType = sourcecode.swift; path = PaceAlertBandsTests.swift; sourceTree = "<group>"; };
		65831D21C9C2B6C291737D22 /* QuotaPercent.swift */ = {isa = PBXFileReference; lastKnownFileType = sourcecode.swift; path = QuotaPercent.swift; sourceTree = "<group>"; };
		65F68F209DE9B284DFAE003A /* RingIcon.swift */ = {isa = PBXFileReference; lastKnownFileType = sourcecode.swift; path = RingIcon.swift; sourceTree = "<group>"; };
		67BA1B979CE208DC53FD1E1A /* PercentDial.swift */ = {isa = PBXFileReference; lastKnownFileType = sourcecode.swift; path = PercentDial.swift; sourceTree = "<group>"; };
		7474014C63248896CEBB40C6 /* QuotaPercentTests.swift */ = {isa = PBXFileReference; lastKnownFileType = sourcecode.swift; path = QuotaPercentTests.swift; sourceTree = "<group>"; };
		779D2BA489C16FF69BEA863F /* NotificationAlertService.swift */ = {isa = PBXFileReference; lastKnownFileType = sourcecode.swift; path = NotificationAlertService.swift; sourceTree = "<group>"; };
		782374CC9AB8A09991BE9E98 /* QuotaResponseParserTests.swift */ = {isa = PBXFileReference; lastKnownFileType = sourcecode.swift; path = QuotaResponseParserTests.swift; sourceTree = "<group>"; };
		787A9D283203FBDF1D37A8D1 /* libsqlite3.tbd */ = {isa = PBXFileReference; lastKnownFileType = "sourcecode.text-based-dylib-definition"; name = libsqlite3.tbd; path = usr/lib/libsqlite3.tbd; sourceTree = SDKROOT; };
		7C32FF53DBE2300A57A24E9C /* PaceAlertCooldownTests.swift */ = {isa = PBXFileReference; lastKnownFileType = sourcecode.swift; path = PaceAlertCooldownTests.swift; sourceTree = "<group>"; };
		8A84478A2DFA344FC905215F /* QuotAIApp.swift */ = {isa = PBXFileReference; lastKnownFileType = sourcecode.swift; path = QuotAIApp.swift; sourceTree = "<group>"; };
		8B82BD7D534AE4ADB054F06B /* QuotAICore.framework */ = {isa = PBXFileReference; explicitFileType = wrapper.framework; includeInIndex = 0; path = QuotAICore.framework; sourceTree = BUILT_PRODUCTS_DIR; };
		9A0248EF36AED12752B7A8D9 /* MenuPresentation.swift */ = {isa = PBXFileReference; lastKnownFileType = sourcecode.swift; path = MenuPresentation.swift; sourceTree = "<group>"; };
		A1B666266F381CBC367A25A8 /* QuotAIKeychain.swift */ = {isa = PBXFileReference; lastKnownFileType = sourcecode.swift; path = QuotAIKeychain.swift; sourceTree = "<group>"; };
		A474AF98F62D2275255057D5 /* BarIcon.swift */ = {isa = PBXFileReference; lastKnownFileType = sourcecode.swift; path = BarIcon.swift; sourceTree = "<group>"; };
		B38E8042E5851CC0AACB82BC /* Assets.xcassets */ = {isa = PBXFileReference; lastKnownFileType = folder.assetcatalog; path = Assets.xcassets; sourceTree = "<group>"; };
		B4D5560D8CAD91D26D28FC1C /* QuotaResponseParser.swift */ = {isa = PBXFileReference; lastKnownFileType = sourcecode.swift; path = QuotaResponseParser.swift; sourceTree = "<group>"; };
		BD54EF9FAB7890CB1EC1A309 /* IconLookTests.swift */ = {isa = PBXFileReference; lastKnownFileType = sourcecode.swift; path = IconLookTests.swift; sourceTree = "<group>"; };
		C448DFACE39AFD7142268F45 /* CursorVscdbImporter.swift */ = {isa = PBXFileReference; lastKnownFileType = sourcecode.swift; path = CursorVscdbImporter.swift; sourceTree = "<group>"; };
		C656D72D3DC80308EE35332A /* PaceAlertDecision.swift */ = {isa = PBXFileReference; lastKnownFileType = sourcecode.swift; path = PaceAlertDecision.swift; sourceTree = "<group>"; };
		C7A145FDCDD83F3F7243FAD8 /* QuotaStore.swift */ = {isa = PBXFileReference; lastKnownFileType = sourcecode.swift; path = QuotaStore.swift; sourceTree = "<group>"; };
		D38663DAC42813CB673B58AA /* PaceAlertBands.swift */ = {isa = PBXFileReference; lastKnownFileType = sourcecode.swift; path = PaceAlertBands.swift; sourceTree = "<group>"; };
		D42C45002964F1D37AEF7A57 /* PaceAlertDecisionTests.swift */ = {isa = PBXFileReference; lastKnownFileType = sourcecode.swift; path = PaceAlertDecisionTests.swift; sourceTree = "<group>"; };
		DACFFF12333707318644EED0 /* MenuPresenterTests.swift */ = {isa = PBXFileReference; lastKnownFileType = sourcecode.swift; path = MenuPresenterTests.swift; sourceTree = "<group>"; };
		DE812ED1CB4BE4CF91A26E25 /* CursorConnectClient.swift */ = {isa = PBXFileReference; lastKnownFileType = sourcecode.swift; path = CursorConnectClient.swift; sourceTree = "<group>"; };
		E6C2D8CD2677696268DAD617 /* QuotAICoreTests.xctest */ = {isa = PBXFileReference; explicitFileType = wrapper.cfbundle; includeInIndex = 0; path = QuotAICoreTests.xctest; sourceTree = BUILT_PRODUCTS_DIR; };
		E90DC0C50BD11F31674EFB3D /* PaceCalculator.swift */ = {isa = PBXFileReference; lastKnownFileType = sourcecode.swift; path = PaceCalculator.swift; sourceTree = "<group>"; };
		F0372F0AA05AB178D5EA1251 /* PaceAlertCooldown.swift */ = {isa = PBXFileReference; lastKnownFileType = sourcecode.swift; path = PaceAlertCooldown.swift; sourceTree = "<group>"; };
/* End PBXFileReference section */

/* Begin PBXFrameworksBuildPhase section */
		94B0650EFCCA2F593BCBF46E /* Frameworks */ = {
			isa = PBXFrameworksBuildPhase;
			buildActionMask = 2147483647;
			files = (
				28B3DD16EFBC515D41661A4C /* QuotAICore.framework in Frameworks */,
				BBEABA081CA2F226610DB285 /* libsqlite3.tbd in Frameworks */,
			);
			runOnlyForDeploymentPostprocessing = 0;
		};
		F20F6523D4BA4B1FB27C5CD5 /* Frameworks */ = {
			isa = PBXFrameworksBuildPhase;
			buildActionMask = 2147483647;
			files = (
				EE5979F53B73F0A78D294E27 /* QuotAICore.framework in Frameworks */,
			);
			runOnlyForDeploymentPostprocessing = 0;
		};
/* End PBXFrameworksBuildPhase section */

/* Begin PBXGroup section */
		00DF8D4F0C8C90C1A4E5662B = {
			isa = PBXGroup;
			children = (
				893F4298624843638A9E6C98 /* QuotAI */,
				D54ECF4D875D9BA718D8FE9A /* QuotAICore */,
				8485E1142F00E9C91682FAF2 /* Frameworks */,
				2AF1CA0FA75D4464695D381C /* Products */,
			);
			sourceTree = "<group>";
		};
		2AF1CA0FA75D4464695D381C /* Products */ = {
			isa = PBXGroup;
			children = (
				5BCD6BD67F062EB51D2E62F2 /* QuotAI.app */,
				8B82BD7D534AE4ADB054F06B /* QuotAICore.framework */,
				E6C2D8CD2677696268DAD617 /* QuotAICoreTests.xctest */,
			);
			name = Products;
			sourceTree = "<group>";
		};
		680871C357691118AAF63D4F /* Tests */ = {
			isa = PBXGroup;
			children = (
				4E43043E693935CE5D71BAB9 /* AlertMessageBuilderTests.swift */,
				BD54EF9FAB7890CB1EC1A309 /* IconLookTests.swift */,
				DACFFF12333707318644EED0 /* MenuPresenterTests.swift */,
				5ECC674FD09961315475BAFF /* PaceAlertBandsTests.swift */,
				7C32FF53DBE2300A57A24E9C /* PaceAlertCooldownTests.swift */,
				D42C45002964F1D37AEF7A57 /* PaceAlertDecisionTests.swift */,
				4AAFD417E417B50DE713398C /* PaceCalculatorTests.swift */,
				7474014C63248896CEBB40C6 /* QuotaPercentTests.swift */,
				782374CC9AB8A09991BE9E98 /* QuotaResponseParserTests.swift */,
				22F0F40FD1FE615DF92CCF71 /* RemainingTimeTests.swift */,
				01892621FA6BA723ADCA5EBE /* RingDialSegmentsTests.swift */,
			);
			path = Tests;
			sourceTree = "<group>";
		};
		8485E1142F00E9C91682FAF2 /* Frameworks */ = {
			isa = PBXGroup;
			children = (
				787A9D283203FBDF1D37A8D1 /* libsqlite3.tbd */,
			);
			name = Frameworks;
			sourceTree = "<group>";
		};
		893F4298624843638A9E6C98 /* QuotAI */ = {
			isa = PBXGroup;
			children = (
				B38E8042E5851CC0AACB82BC /* Assets.xcassets */,
				A474AF98F62D2275255057D5 /* BarIcon.swift */,
				42221A63599893EAE95BCF0C /* CursorAuthActions.swift */,
				DE812ED1CB4BE4CF91A26E25 /* CursorConnectClient.swift */,
				C448DFACE39AFD7142268F45 /* CursorVscdbImporter.swift */,
				5C43130568DD9233B80DB58F /* EmailAlertService.swift */,
				2D65735D0AC0BD39999794D7 /* KeychainStore.swift */,
				779D2BA489C16FF69BEA863F /* NotificationAlertService.swift */,
				3B9B5C18F7FD59A13F5BEE6E /* PaceAlertBandChart.swift */,
				3ABB5D0F4B699BEDF9A4B8B6 /* PaceAlertOrchestrator.swift */,
				67BA1B979CE208DC53FD1E1A /* PercentDial.swift */,
				8A84478A2DFA344FC905215F /* QuotAIApp.swift */,
				C7A145FDCDD83F3F7243FAD8 /* QuotaStore.swift */,
				65F68F209DE9B284DFAE003A /* RingIcon.swift */,
				172E517E55BB1919952F6374 /* SettingsView.swift */,
			);
			path = QuotAI;
			sourceTree = "<group>";
		};
		B8805C0A014E9548CC824A89 /* Sources */ = {
			isa = PBXGroup;
			children = (
				41246CF6E708CBB9C7E79255 /* AlertMessageBuilder.swift */,
				9A0248EF36AED12752B7A8D9 /* MenuPresentation.swift */,
				D38663DAC42813CB673B58AA /* PaceAlertBands.swift */,
				F0372F0AA05AB178D5EA1251 /* PaceAlertCooldown.swift */,
				C656D72D3DC80308EE35332A /* PaceAlertDecision.swift */,
				E90DC0C50BD11F31674EFB3D /* PaceCalculator.swift */,
				A1B666266F381CBC367A25A8 /* QuotAIKeychain.swift */,
				65831D21C9C2B6C291737D22 /* QuotaPercent.swift */,
				B4D5560D8CAD91D26D28FC1C /* QuotaResponseParser.swift */,
				100900970A7EB9E28EF6C831 /* RemainingTime.swift */,
				09A98BF53179A39771BBE07A /* RingDialSegments.swift */,
			);
			path = Sources;
			sourceTree = "<group>";
		};
		D54ECF4D875D9BA718D8FE9A /* QuotAICore */ = {
			isa = PBXGroup;
			children = (
				B8805C0A014E9548CC824A89 /* Sources */,
				680871C357691118AAF63D4F /* Tests */,
			);
			path = QuotAICore;
			sourceTree = "<group>";
		};
/* End PBXGroup section */

/* Begin PBXNativeTarget section */
		1FB502AFA8597EBE719F18CF /* QuotAICoreTests */ = {
			isa = PBXNativeTarget;
			buildConfigurationList = F8696C8F609996912C840F1A /* Build configuration list for PBXNativeTarget "QuotAICoreTests" */;
			buildPhases = (
				3ECD0A69EA914B7629794645 /* Sources */,
				F20F6523D4BA4B1FB27C5CD5 /* Frameworks */,
				183C9C9EAAFD6B1D5A92AB43 /* Embed Frameworks */,
			);
			buildRules = (
			);
			dependencies = (
				34A04C561EBD9D0DACED9028 /* PBXTargetDependency */,
			);
			name = QuotAICoreTests;
			packageProductDependencies = (
			);
			productName = QuotAICoreTests;
			productReference = E6C2D8CD2677696268DAD617 /* QuotAICoreTests.xctest */;
			productType = "com.apple.product-type.bundle.unit-test";
		};
		61EFBE14E878CE1B6AF16272 /* QuotAI */ = {
			isa = PBXNativeTarget;
			buildConfigurationList = 0044270481FC4B689C4299A6 /* Build configuration list for PBXNativeTarget "QuotAI" */;
			buildPhases = (
				BD4F06B0D6513448895D2627 /* Sources */,
				1FB4838F9C6E31CB8101021C /* Resources */,
				94B0650EFCCA2F593BCBF46E /* Frameworks */,
				795458629E30EBB841A11F77 /* Embed Frameworks */,
			);
			buildRules = (
			);
			dependencies = (
				633610A017C0FA2660D6515C /* PBXTargetDependency */,
			);
			name = QuotAI;
			packageProductDependencies = (
			);
			productName = QuotAI;
			productReference = 5BCD6BD67F062EB51D2E62F2 /* QuotAI.app */;
			productType = "com.apple.product-type.application";
		};
		C46DAE9BC67EB9A617F88AE9 /* QuotAICore */ = {
			isa = PBXNativeTarget;
			buildConfigurationList = 6FA484D9C129E2AD8609B4D2 /* Build configuration list for PBXNativeTarget "QuotAICore" */;
			buildPhases = (
				10C7438E90F4C7A20CF30A35 /* Sources */,
			);
			buildRules = (
			);
			dependencies = (
			);
			name = QuotAICore;
			packageProductDependencies = (
			);
			productName = QuotAICore;
			productReference = 8B82BD7D534AE4ADB054F06B /* QuotAICore.framework */;
			productType = "com.apple.product-type.framework";
		};
/* End PBXNativeTarget section */

/* Begin PBXProject section */
		59BDB61DB2DC456052EF3112 /* Project object */ = {
			isa = PBXProject;
			attributes = {
				BuildIndependentTargetsInParallel = YES;
				LastUpgradeCheck = 1430;
				TargetAttributes = {
					61EFBE14E878CE1B6AF16272 = {
						ProvisioningStyle = Automatic;
					};
				};
			};
			buildConfigurationList = A81E688DB53AC45BF852BAE2 /* Build configuration list for PBXProject "QuotAI" */;
			developmentRegion = en;
			hasScannedForEncodings = 0;
			knownRegions = (
				Base,
				en,
			);
			mainGroup = 00DF8D4F0C8C90C1A4E5662B;
			minimizedProjectReferenceProxies = 1;
			preferredProjectObjectVersion = 77;
			productRefGroup = 2AF1CA0FA75D4464695D381C /* Products */;
			projectDirPath = "";
			projectRoot = "";
			targets = (
				C46DAE9BC67EB9A617F88AE9 /* QuotAICore */,
				61EFBE14E878CE1B6AF16272 /* QuotAI */,
				1FB502AFA8597EBE719F18CF /* QuotAICoreTests */,
			);
		};
/* End PBXProject section */

/* Begin PBXResourcesBuildPhase section */
		1FB4838F9C6E31CB8101021C /* Resources */ = {
			isa = PBXResourcesBuildPhase;
			buildActionMask = 2147483647;
			files = (
				FC46F47230ABED25B689B290 /* Assets.xcassets in Resources */,
			);
			runOnlyForDeploymentPostprocessing = 0;
		};
/* End PBXResourcesBuildPhase section */

/* Begin PBXSourcesBuildPhase section */
		10C7438E90F4C7A20CF30A35 /* Sources */ = {
			isa = PBXSourcesBuildPhase;
			buildActionMask = 2147483647;
			files = (
				9340A0320269F6E161D02A93 /* AlertMessageBuilder.swift in Sources */,
				D0A82923EF1EA1BFA9361ED0 /* MenuPresentation.swift in Sources */,
				6D7CE40B79A4F097A6203104 /* PaceAlertBands.swift in Sources */,
				1B8661FD4F037A083FB94E1E /* PaceAlertCooldown.swift in Sources */,
				29F5287C1AF7B0766A79F8AC /* PaceAlertDecision.swift in Sources */,
				0892FE50EFCD8B19A5562708 /* PaceCalculator.swift in Sources */,
				DCE51FCCEA2E00D48A69D5DF /* QuotAIKeychain.swift in Sources */,
				3CDEDC3BF8C6941996D701C7 /* QuotaPercent.swift in Sources */,
				FD24C4805DBDBBB0AFC5BA3F /* QuotaResponseParser.swift in Sources */,
				988E8D070DE68CEB9D4DBB9A /* RemainingTime.swift in Sources */,
				23467012F3DF3E69736B516A /* RingDialSegments.swift in Sources */,
			);
			runOnlyForDeploymentPostprocessing = 0;
		};
		3ECD0A69EA914B7629794645 /* Sources */ = {
			isa = PBXSourcesBuildPhase;
			buildActionMask = 2147483647;
			files = (
				6BE89DE482D0BC87A8FB7BDA /* AlertMessageBuilderTests.swift in Sources */,
				7C068AB0E5F7802F60CA7DA1 /* IconLookTests.swift in Sources */,
				3F5777DF22D0C5E36DCED8D9 /* MenuPresenterTests.swift in Sources */,
				BAF66F190A8C5BBDCFD56DE2 /* PaceAlertBandsTests.swift in Sources */,
				AB2BB7A3F81DE014F8DB300C /* PaceAlertCooldownTests.swift in Sources */,
				9317637690F297E552B2924E /* PaceAlertDecisionTests.swift in Sources */,
				F6B16EE2F78F625179F0AD15 /* PaceCalculatorTests.swift in Sources */,
				258406DDBA6376123299D5BF /* QuotaPercentTests.swift in Sources */,
				8F53C68CC8303EDA7842DF5B /* QuotaResponseParserTests.swift in Sources */,
				DC5676AEC84F8C26CB786FAB /* RemainingTimeTests.swift in Sources */,
				70EB91F8217E0C081AADF89C /* RingDialSegmentsTests.swift in Sources */,
			);
			runOnlyForDeploymentPostprocessing = 0;
		};
		BD4F06B0D6513448895D2627 /* Sources */ = {
			isa = PBXSourcesBuildPhase;
			buildActionMask = 2147483647;
			files = (
				64994325D781B5E4ABF70296 /* BarIcon.swift in Sources */,
				533F866C08085583414D271B /* CursorAuthActions.swift in Sources */,
				D83D8CB5C694C04497BDF2AC /* CursorConnectClient.swift in Sources */,
				3498F01BB3B5BCDC98192BAE /* CursorVscdbImporter.swift in Sources */,
				61B41F97E9FD3001E1BE1196 /* EmailAlertService.swift in Sources */,
				EA0F18D359C87E60676BC492 /* KeychainStore.swift in Sources */,
				9DF1B0F9D9FFCB1D5DE6DA79 /* NotificationAlertService.swift in Sources */,
				24FC94F331FBF0E4CB21DDED /* PaceAlertBandChart.swift in Sources */,
				24C4BD146B99880D51338CCC /* PaceAlertOrchestrator.swift in Sources */,
				37031A88F12F70098989B788 /* PercentDial.swift in Sources */,
				821C73A1D04EF95FDAF632E2 /* QuotAIApp.swift in Sources */,
				7807B1E1EEC18A885C4FE5B1 /* QuotaStore.swift in Sources */,
				A4C0B1482CC682B10F1055CA /* RingIcon.swift in Sources */,
				CE7A9064D2EA35C569483CE2 /* SettingsView.swift in Sources */,
			);
			runOnlyForDeploymentPostprocessing = 0;
		};
/* End PBXSourcesBuildPhase section */

/* Begin PBXTargetDependency section */
		34A04C561EBD9D0DACED9028 /* PBXTargetDependency */ = {
			isa = PBXTargetDependency;
			target = C46DAE9BC67EB9A617F88AE9 /* QuotAICore */;
			targetProxy = F554B545958D9EC3FA0F0745 /* PBXContainerItemProxy */;
		};
		633610A017C0FA2660D6515C /* PBXTargetDependency */ = {
			isa = PBXTargetDependency;
			target = C46DAE9BC67EB9A617F88AE9 /* QuotAICore */;
			targetProxy = 11FEB53D73A1F2AD842C3BC6 /* PBXContainerItemProxy */;
		};
/* End PBXTargetDependency section */

/* Begin XCBuildConfiguration section */
		263ACEDB3477BCBA05E1C5F2 /* Debug */ = {
			isa = XCBuildConfiguration;
			buildSettings = {
				CODE_SIGN_IDENTITY = "";
				COMBINE_HIDPI_IMAGES = YES;
				CURRENT_PROJECT_VERSION = 1;
				DEFINES_MODULE = YES;
				DYLIB_COMPATIBILITY_VERSION = 1;
				DYLIB_CURRENT_VERSION = 1;
				DYLIB_INSTALL_NAME_BASE = "@rpath";
				GENERATE_INFOPLIST_FILE = YES;
				INSTALL_PATH = "$(LOCAL_LIBRARY_DIR)/Frameworks";
				LD_RUNPATH_SEARCH_PATHS = (
					"$(inherited)",
					"@executable_path/../Frameworks",
				);
				PRODUCT_BUNDLE_IDENTIFIER = dev.marotron.QuotAICore;
				SDKROOT = macosx;
				SKIP_INSTALL = YES;
				VERSIONING_SYSTEM = "apple-generic";
			};
			name = Debug;
		};
		3D9057F1B27243C867C38885 /* Debug */ = {
			isa = XCBuildConfiguration;
			buildSettings = {
				BUNDLE_LOADER = "$(TEST_HOST)";
				COMBINE_HIDPI_IMAGES = YES;
				GENERATE_INFOPLIST_FILE = YES;
				LD_RUNPATH_SEARCH_PATHS = (
					"$(inherited)",
					"@executable_path/../Frameworks",
					"@loader_path/../Frameworks",
				);
				PRODUCT_BUNDLE_IDENTIFIER = dev.marotron.QuotAICoreTests;
				SDKROOT = macosx;
			};
			name = Debug;
		};
		69AFF5788EF6C592E6E6477D /* Release */ = {
			isa = XCBuildConfiguration;
			buildSettings = {
				ALWAYS_SEARCH_USER_PATHS = NO;
				CLANG_ANALYZER_NONNULL = YES;
				CLANG_ANALYZER_NUMBER_OBJECT_CONVERSION = YES_AGGRESSIVE;
				CLANG_CXX_LANGUAGE_STANDARD = "gnu++14";
				CLANG_CXX_LIBRARY = "libc++";
				CLANG_ENABLE_MODULES = YES;
				CLANG_ENABLE_OBJC_ARC = YES;
				CLANG_ENABLE_OBJC_WEAK = YES;
				CLANG_WARN_BLOCK_CAPTURE_AUTORELEASING = YES;
				CLANG_WARN_BOOL_CONVERSION = YES;
				CLANG_WARN_COMMA = YES;
				CLANG_WARN_CONSTANT_CONVERSION = YES;
				CLANG_WARN_DEPRECATED_OBJC_IMPLEMENTATIONS = YES;
				CLANG_WARN_DIRECT_OBJC_ISA_USAGE = YES_ERROR;
				CLANG_WARN_DOCUMENTATION_COMMENTS = YES;
				CLANG_WARN_EMPTY_BODY = YES;
				CLANG_WARN_ENUM_CONVERSION = YES;
				CLANG_WARN_INFINITE_RECURSION = YES;
				CLANG_WARN_INT_CONVERSION = YES;
				CLANG_WARN_NON_LITERAL_NULL_CONVERSION = YES;
				CLANG_WARN_OBJC_IMPLICIT_RETAIN_SELF = YES;
				CLANG_WARN_OBJC_LITERAL_CONVERSION = YES;
				CLANG_WARN_OBJC_ROOT_CLASS = YES_ERROR;
				CLANG_WARN_QUOTED_INCLUDE_IN_FRAMEWORK_HEADER = YES;
				CLANG_WARN_RANGE_LOOP_ANALYSIS = YES;
				CLANG_WARN_STRICT_PROTOTYPES = YES;
				CLANG_WARN_SUSPICIOUS_MOVE = YES;
				CLANG_WARN_UNGUARDED_AVAILABILITY = YES_AGGRESSIVE;
				CLANG_WARN_UNREACHABLE_CODE = YES;
				CLANG_WARN__DUPLICATE_METHOD_MATCH = YES;
				COPY_PHASE_STRIP = NO;
				DEBUG_INFORMATION_FORMAT = "dwarf-with-dsym";
				ENABLE_NS_ASSERTIONS = NO;
				ENABLE_STRICT_OBJC_MSGSEND = YES;
				ENABLE_USER_SCRIPT_SANDBOXING = NO;
				GCC_C_LANGUAGE_STANDARD = gnu11;
				GCC_NO_COMMON_BLOCKS = YES;
				GCC_WARN_64_TO_32_BIT_CONVERSION = YES;
				GCC_WARN_ABOUT_RETURN_TYPE = YES_ERROR;
				GCC_WARN_UNDECLARED_SELECTOR = YES;
				GCC_WARN_UNINITIALIZED_AUTOS = YES_AGGRESSIVE;
				GCC_WARN_UNUSED_FUNCTION = YES;
				GCC_WARN_UNUSED_VARIABLE = YES;
				MACOSX_DEPLOYMENT_TARGET = 14.0;
				MTL_ENABLE_DEBUG_INFO = NO;
				MTL_FAST_MATH = YES;
				PRODUCT_NAME = "$(TARGET_NAME)";
				SDKROOT = macosx;
				SWIFT_COMPILATION_MODE = wholemodule;
				SWIFT_OPTIMIZATION_LEVEL = "-O";
				SWIFT_VERSION = 5.10;
			};
			name = Release;
		};
		72FAB9FF027137EA83F4C3B1 /* Release */ = {
			isa = XCBuildConfiguration;
			buildSettings = {
				CODE_SIGN_IDENTITY = "";
				COMBINE_HIDPI_IMAGES = YES;
				CURRENT_PROJECT_VERSION = 1;
				DEFINES_MODULE = YES;
				DYLIB_COMPATIBILITY_VERSION = 1;
				DYLIB_CURRENT_VERSION = 1;
				DYLIB_INSTALL_NAME_BASE = "@rpath";
				GENERATE_INFOPLIST_FILE = YES;
				INSTALL_PATH = "$(LOCAL_LIBRARY_DIR)/Frameworks";
				LD_RUNPATH_SEARCH_PATHS = (
					"$(inherited)",
					"@executable_path/../Frameworks",
				);
				PRODUCT_BUNDLE_IDENTIFIER = dev.marotron.QuotAICore;
				SDKROOT = macosx;
				SKIP_INSTALL = YES;
				VERSIONING_SYSTEM = "apple-generic";
			};
			name = Release;
		};
		7A2A7794767C52BD9347DB2E /* Debug */ = {
			isa = XCBuildConfiguration;
			buildSettings = {
				ASSETCATALOG_COMPILER_APPICON_NAME = AppIcon;
				CODE_SIGN_STYLE = Automatic;
				COMBINE_HIDPI_IMAGES = YES;
				CURRENT_PROJECT_VERSION = 8;
				ENABLE_APP_SANDBOX = NO;
				ENABLE_HARDENED_RUNTIME = YES;
				GENERATE_INFOPLIST_FILE = YES;
				INFOPLIST_KEY_CFBundleDisplayName = QuotAI;
				INFOPLIST_KEY_LSApplicationCategoryType = "public.app-category.productivity";
				INFOPLIST_KEY_LSUIElement = YES;
				LD_RUNPATH_SEARCH_PATHS = (
					"$(inherited)",
					"@executable_path/../Frameworks",
				);
				MARKETING_VERSION = 0.7.0;
				PRODUCT_BUNDLE_IDENTIFIER = dev.marotron.QuotAI;
				SDKROOT = macosx;
			};
			name = Debug;
		};
		D17B4EE1D2190B96E842AF83 /* Release */ = {
			isa = XCBuildConfiguration;
			buildSettings = {
				BUNDLE_LOADER = "$(TEST_HOST)";
				COMBINE_HIDPI_IMAGES = YES;
				GENERATE_INFOPLIST_FILE = YES;
				LD_RUNPATH_SEARCH_PATHS = (
					"$(inherited)",
					"@executable_path/../Frameworks",
					"@loader_path/../Frameworks",
				);
				PRODUCT_BUNDLE_IDENTIFIER = dev.marotron.QuotAICoreTests;
				SDKROOT = macosx;
			};
			name = Release;
		};
		E60262A2E7472AB915F41B0E /* Release */ = {
			isa = XCBuildConfiguration;
			buildSettings = {
				ASSETCATALOG_COMPILER_APPICON_NAME = AppIcon;
				CODE_SIGN_STYLE = Automatic;
				COMBINE_HIDPI_IMAGES = YES;
				CURRENT_PROJECT_VERSION = 8;
				ENABLE_APP_SANDBOX = NO;
				ENABLE_HARDENED_RUNTIME = YES;
				GENERATE_INFOPLIST_FILE = YES;
				INFOPLIST_KEY_CFBundleDisplayName = QuotAI;
				INFOPLIST_KEY_LSApplicationCategoryType = "public.app-category.productivity";
				INFOPLIST_KEY_LSUIElement = YES;
				LD_RUNPATH_SEARCH_PATHS = (
					"$(inherited)",
					"@executable_path/../Frameworks",
				);
				MARKETING_VERSION = 0.7.0;
				PRODUCT_BUNDLE_IDENTIFIER = dev.marotron.QuotAI;
				SDKROOT = macosx;
			};
			name = Release;
		};
		F9A1BA71A8151DA95AF78C00 /* Debug */ = {
			isa = XCBuildConfiguration;
			buildSettings = {
				ALWAYS_SEARCH_USER_PATHS = NO;
				CLANG_ANALYZER_NONNULL = YES;
				CLANG_ANALYZER_NUMBER_OBJECT_CONVERSION = YES_AGGRESSIVE;
				CLANG_CXX_LANGUAGE_STANDARD = "gnu++14";
				CLANG_CXX_LIBRARY = "libc++";
				CLANG_ENABLE_MODULES = YES;
				CLANG_ENABLE_OBJC_ARC = YES;
				CLANG_ENABLE_OBJC_WEAK = YES;
				CLANG_WARN_BLOCK_CAPTURE_AUTORELEASING = YES;
				CLANG_WARN_BOOL_CONVERSION = YES;
				CLANG_WARN_COMMA = YES;
				CLANG_WARN_CONSTANT_CONVERSION = YES;
				CLANG_WARN_DEPRECATED_OBJC_IMPLEMENTATIONS = YES;
				CLANG_WARN_DIRECT_OBJC_ISA_USAGE = YES_ERROR;
				CLANG_WARN_DOCUMENTATION_COMMENTS = YES;
				CLANG_WARN_EMPTY_BODY = YES;
				CLANG_WARN_ENUM_CONVERSION = YES;
				CLANG_WARN_INFINITE_RECURSION = YES;
				CLANG_WARN_INT_CONVERSION = YES;
				CLANG_WARN_NON_LITERAL_NULL_CONVERSION = YES;
				CLANG_WARN_OBJC_IMPLICIT_RETAIN_SELF = YES;
				CLANG_WARN_OBJC_LITERAL_CONVERSION = YES;
				CLANG_WARN_OBJC_ROOT_CLASS = YES_ERROR;
				CLANG_WARN_QUOTED_INCLUDE_IN_FRAMEWORK_HEADER = YES;
				CLANG_WARN_RANGE_LOOP_ANALYSIS = YES;
				CLANG_WARN_STRICT_PROTOTYPES = YES;
				CLANG_WARN_SUSPICIOUS_MOVE = YES;
				CLANG_WARN_UNGUARDED_AVAILABILITY = YES_AGGRESSIVE;
				CLANG_WARN_UNREACHABLE_CODE = YES;
				CLANG_WARN__DUPLICATE_METHOD_MATCH = YES;
				COPY_PHASE_STRIP = NO;
				DEBUG_INFORMATION_FORMAT = dwarf;
				ENABLE_STRICT_OBJC_MSGSEND = YES;
				ENABLE_TESTABILITY = YES;
				ENABLE_USER_SCRIPT_SANDBOXING = NO;
				GCC_C_LANGUAGE_STANDARD = gnu11;
				GCC_DYNAMIC_NO_PIC = NO;
				GCC_NO_COMMON_BLOCKS = YES;
				GCC_OPTIMIZATION_LEVEL = 0;
				GCC_PREPROCESSOR_DEFINITIONS = (
					"$(inherited)",
					"DEBUG=1",
				);
				GCC_WARN_64_TO_32_BIT_CONVERSION = YES;
				GCC_WARN_ABOUT_RETURN_TYPE = YES_ERROR;
				GCC_WARN_UNDECLARED_SELECTOR = YES;
				GCC_WARN_UNINITIALIZED_AUTOS = YES_AGGRESSIVE;
				GCC_WARN_UNUSED_FUNCTION = YES;
				GCC_WARN_UNUSED_VARIABLE = YES;
				MACOSX_DEPLOYMENT_TARGET = 14.0;
				MTL_ENABLE_DEBUG_INFO = INCLUDE_SOURCE;
				MTL_FAST_MATH = YES;
				ONLY_ACTIVE_ARCH = YES;
				PRODUCT_NAME = "$(TARGET_NAME)";
				SDKROOT = macosx;
				SWIFT_ACTIVE_COMPILATION_CONDITIONS = DEBUG;
				SWIFT_OPTIMIZATION_LEVEL = "-Onone";
				SWIFT_VERSION = 5.10;
			};
			name = Debug;
		};
/* End XCBuildConfiguration section */

/* Begin XCConfigurationList section */
		0044270481FC4B689C4299A6 /* Build configuration list for PBXNativeTarget "QuotAI" */ = {
			isa = XCConfigurationList;
			buildConfigurations = (
				7A2A7794767C52BD9347DB2E /* Debug */,
				E60262A2E7472AB915F41B0E /* Release */,
			);
			defaultConfigurationIsVisible = 0;
			defaultConfigurationName = Debug;
		};
		6FA484D9C129E2AD8609B4D2 /* Build configuration list for PBXNativeTarget "QuotAICore" */ = {
			isa = XCConfigurationList;
			buildConfigurations = (
				263ACEDB3477BCBA05E1C5F2 /* Debug */,
				72FAB9FF027137EA83F4C3B1 /* Release */,
			);
			defaultConfigurationIsVisible = 0;
			defaultConfigurationName = Debug;
		};
		A81E688DB53AC45BF852BAE2 /* Build configuration list for PBXProject "QuotAI" */ = {
			isa = XCConfigurationList;
			buildConfigurations = (
				F9A1BA71A8151DA95AF78C00 /* Debug */,
				69AFF5788EF6C592E6E6477D /* Release */,
			);
			defaultConfigurationIsVisible = 0;
			defaultConfigurationName = Debug;
		};
		F8696C8F609996912C840F1A /* Build configuration list for PBXNativeTarget "QuotAICoreTests" */ = {
			isa = XCConfigurationList;
			buildConfigurations = (
				3D9057F1B27243C867C38885 /* Debug */,
				D17B4EE1D2190B96E842AF83 /* Release */,
			);
			defaultConfigurationIsVisible = 0;
			defaultConfigurationName = Debug;
		};
/* End XCConfigurationList section */
	};
	rootObject = 59BDB61DB2DC456052EF3112 /* Project object */;
}
